{
  "pins" : [
    {
      "identity" : "ios-swiftui-components",
      "kind" : "remoteSourceControl",
      "location" : "https://github.com/Aynur19/ios-swiftui-components",
      "state" : {
        "branch" : "main",
        "revision" : "4e69064d0bdcb95a0d8628b17597d8186ae9c05c"
      }
    }
  ],
  "version" : 2
}
