{
  "pins" : [
    {
      "identity" : "ios-swiftui-components",
      "kind" : "remoteSourceControl",
      "location" : "https://github.com/Aynur19/ios-swiftui-components",
      "state" : {
        "branch" : "main",
        "revision" : "60924837488d0f0d873799cb8df827a724dfd83a"
      }
    }
  ],
  "version" : 2
}
