{
  "pins" : [
    {
      "identity" : "ios-swiftui-components",
      "kind" : "remoteSourceControl",
      "location" : "https://github.com/Aynur19/ios-swiftui-components",
      "state" : {
        "branch" : "main",
        "revision" : "92fbc5554121e5603d424f24a9a4667a1b166afe"
      }
    }
  ],
  "version" : 2
}
