// !$*UTF8*$!
{
	archiveVersion = 1;
	classes = {
	};
	objectVersion = 56;
	objects = {

/* Begin PBXBuildFile section */
		A82D6CF12B0F4A64006CF50A /* DartsGameAnswerView.swift in Sources */ = {isa = PBXBuildFile; fileRef = A82D6CF02B0F4A64006CF50A /* DartsGameAnswerView.swift */; };
		A82D6CF32B0FC16C006CF50A /* DartsGameAnswersView.swift in Sources */ = {isa = PBXBuildFile; fileRef = A82D6CF22B0FC16B006CF50A /* DartsGameAnswersView.swift */; };
		A82D6CF52B126C8E006CF50A /* DartsHitsView.swift in Sources */ = {isa = PBXBuildFile; fileRef = A82D6CF42B126C8E006CF50A /* DartsHitsView.swift */; };
		A82D6CF72B12722D006CF50A /* DartsTargetViewOptions.swift in Sources */ = {isa = PBXBuildFile; fileRef = A82D6CF62B12722D006CF50A /* DartsTargetViewOptions.swift */; };
		A8742F922B0E79E50026E07F /* DartsGameView.swift in Sources */ = {isa = PBXBuildFile; fileRef = A8742F912B0E79E50026E07F /* DartsGameView.swift */; };
		A8742F942B0E79F30026E07F /* DartsGameViewModel.swift in Sources */ = {isa = PBXBuildFile; fileRef = A8742F932B0E79F30026E07F /* DartsGameViewModel.swift */; };
		A8742F972B0E7A470026E07F /* JsonCache.swift in Sources */ = {isa = PBXBuildFile; fileRef = A8742F962B0E7A470026E07F /* JsonCache.swift */; };
		A8742F992B0E7A650026E07F /* DataCacheError.swift in Sources */ = {isa = PBXBuildFile; fileRef = A8742F982B0E7A650026E07F /* DataCacheError.swift */; };
		A8742F9C2B0E87EC0026E07F /* DartsGameStatsView.swift in Sources */ = {isa = PBXBuildFile; fileRef = A8742F9B2B0E87EC0026E07F /* DartsGameStatsView.swift */; };
		A88776182B0DEEFF005B746B /* DartsScoreApp.swift in Sources */ = {isa = PBXBuildFile; fileRef = A88776172B0DEEFF005B746B /* DartsScoreApp.swift */; };
		A887761A2B0DEEFF005B746B /* ContentView.swift in Sources */ = {isa = PBXBuildFile; fileRef = A88776192B0DEEFF005B746B /* ContentView.swift */; };
		A887761C2B0DEF02005B746B /* Assets.xcassets in Resources */ = {isa = PBXBuildFile; fileRef = A887761B2B0DEF02005B746B /* Assets.xcassets */; };
		A887761F2B0DEF02005B746B /* Preview Assets.xcassets in Resources */ = {isa = PBXBuildFile; fileRef = A887761E2B0DEF02005B746B /* Preview Assets.xcassets */; };
		A88776292B0DEF03005B746B /* DartsScoreTests.swift in Sources */ = {isa = PBXBuildFile; fileRef = A88776282B0DEF03005B746B /* DartsScoreTests.swift */; };
		A88776332B0DEF03005B746B /* DartsScoreUITests.swift in Sources */ = {isa = PBXBuildFile; fileRef = A88776322B0DEF03005B746B /* DartsScoreUITests.swift */; };
		A88776352B0DEF03005B746B /* DartsScoreUITestsLaunchTests.swift in Sources */ = {isa = PBXBuildFile; fileRef = A88776342B0DEF03005B746B /* DartsScoreUITestsLaunchTests.swift */; };
		A8A827252B0E42D600AD1BD0 /* DartsSector.swift in Sources */ = {isa = PBXBuildFile; fileRef = A8A827242B0E42D600AD1BD0 /* DartsSector.swift */; };
		A8A827272B0E433200AD1BD0 /* DartsConstants.swift in Sources */ = {isa = PBXBuildFile; fileRef = A8A827262B0E433200AD1BD0 /* DartsConstants.swift */; };
		A8A827292B0E436C00AD1BD0 /* CGFloatExt.swift in Sources */ = {isa = PBXBuildFile; fileRef = A8A827282B0E436C00AD1BD0 /* CGFloatExt.swift */; };
		A8A8272B2B0E43E900AD1BD0 /* AngleExt.swift in Sources */ = {isa = PBXBuildFile; fileRef = A8A8272A2B0E43E900AD1BD0 /* AngleExt.swift */; };
		A8A8272F2B0E49AB00AD1BD0 /* Dart.swift in Sources */ = {isa = PBXBuildFile; fileRef = A8A8272E2B0E49AB00AD1BD0 /* Dart.swift */; };
		A8A827312B0E49CD00AD1BD0 /* CGPointExt.swift in Sources */ = {isa = PBXBuildFile; fileRef = A8A827302B0E49CD00AD1BD0 /* CGPointExt.swift */; };
		A8A827332B0E4A8500AD1BD0 /* DartsGameSnapshot.swift in Sources */ = {isa = PBXBuildFile; fileRef = A8A827322B0E4A8500AD1BD0 /* DartsGameSnapshot.swift */; };
		A8A827352B0E4AD200AD1BD0 /* DartsGame.swift in Sources */ = {isa = PBXBuildFile; fileRef = A8A827342B0E4AD200AD1BD0 /* DartsGame.swift */; };
		A8A827372B0E4B0200AD1BD0 /* AppSettings.swift in Sources */ = {isa = PBXBuildFile; fileRef = A8A827362B0E4B0200AD1BD0 /* AppSettings.swift */; };
		A8A827392B0E4B9E00AD1BD0 /* DartsGameStats.swift in Sources */ = {isa = PBXBuildFile; fileRef = A8A827382B0E4B9E00AD1BD0 /* DartsGameStats.swift */; };
		A8A8273B2B0E4EA200AD1BD0 /* DartsTargetView.swift in Sources */ = {isa = PBXBuildFile; fileRef = A8A8273A2B0E4EA200AD1BD0 /* DartsTargetView.swift */; };
		A8A8273E2B0E4ED500AD1BD0 /* DartsHitsViewModel.swift in Sources */ = {isa = PBXBuildFile; fileRef = A8A8273D2B0E4ED500AD1BD0 /* DartsHitsViewModel.swift */; };
		A8C12F3C2B0E08B100940A64 /* TimerStringFormat.swift in Sources */ = {isa = PBXBuildFile; fileRef = A8C12F3B2B0E08B000940A64 /* TimerStringFormat.swift */; };
		A8C12F3E2B0E0C4600940A64 /* CountdownTimerCircleProgressBarOptions.swift in Sources */ = {isa = PBXBuildFile; fileRef = A8C12F3D2B0E0C4600940A64 /* CountdownTimerCircleProgressBarOptions.swift */; };
		A8C12F402B0E0C9B00940A64 /* CountdownTimerViewModel.swift in Sources */ = {isa = PBXBuildFile; fileRef = A8C12F3F2B0E0C9B00940A64 /* CountdownTimerViewModel.swift */; };
		A8C12F432B0E0D5F00940A64 /* IntExt.swift in Sources */ = {isa = PBXBuildFile; fileRef = A8C12F422B0E0D5F00940A64 /* IntExt.swift */; };
		A8C12F452B0E0F8900940A64 /* UInt64Ext.swift in Sources */ = {isa = PBXBuildFile; fileRef = A8C12F442B0E0F8900940A64 /* UInt64Ext.swift */; };
		A8C12F472B0E143D00940A64 /* CountdownTimerCircleProgressBar.swift in Sources */ = {isa = PBXBuildFile; fileRef = A8C12F462B0E143D00940A64 /* CountdownTimerCircleProgressBar.swift */; };
		A8DB72722B161402001145BF /* PalletColor.swift in Sources */ = {isa = PBXBuildFile; fileRef = A8DB72712B161402001145BF /* PalletColor.swift */; };
		A8DB72742B162304001145BF /* TitleView.swift in Sources */ = {isa = PBXBuildFile; fileRef = A8DB72732B162304001145BF /* TitleView.swift */; };
		A8DB72762B16267C001145BF /* ViewExt.swift in Sources */ = {isa = PBXBuildFile; fileRef = A8DB72752B16267C001145BF /* ViewExt.swift */; };
		A8DB72792B177680001145BF /* Localizable.xcstrings in Resources */ = {isa = PBXBuildFile; fileRef = A8DB72782B177680001145BF /* Localizable.xcstrings */; };
		A8DB727B2B18600E001145BF /* DartsGameStatisticsSheet.swift in Sources */ = {isa = PBXBuildFile; fileRef = A8DB727A2B18600D001145BF /* DartsGameStatisticsSheet.swift */; };
		A8EA84922B14A800009FBDB5 /* DartsGameSnapshotsList.swift in Sources */ = {isa = PBXBuildFile; fileRef = A8EA84912B14A800009FBDB5 /* DartsGameSnapshotsList.swift */; };
		A8EA84942B14C521009FBDB5 /* MockData.swift in Sources */ = {isa = PBXBuildFile; fileRef = A8EA84932B14C521009FBDB5 /* MockData.swift */; };
		A8EA84962B1530B0009FBDB5 /* ColorExt.swift in Sources */ = {isa = PBXBuildFile; fileRef = A8EA84952B1530B0009FBDB5 /* ColorExt.swift */; };
		A8EA84982B15C27F009FBDB5 /* PrimaryButtonStyle.swift in Sources */ = {isa = PBXBuildFile; fileRef = A8EA84972B15C27F009FBDB5 /* PrimaryButtonStyle.swift */; };
/* End PBXBuildFile section */

/* Begin PBXContainerItemProxy section */
		A88776252B0DEF03005B746B /* PBXContainerItemProxy */ = {
			isa = PBXContainerItemProxy;
			containerPortal = A887760C2B0DEEFF005B746B /* Project object */;
			proxyType = 1;
			remoteGlobalIDString = A88776132B0DEEFF005B746B;
			remoteInfo = DartsScore;
		};
		A887762F2B0DEF03005B746B /* PBXContainerItemProxy */ = {
			isa = PBXContainerItemProxy;
			containerPortal = A887760C2B0DEEFF005B746B /* Project object */;
			proxyType = 1;
			remoteGlobalIDString = A88776132B0DEEFF005B746B;
			remoteInfo = DartsScore;
		};
/* End PBXContainerItemProxy section */

/* Begin PBXFileReference section */
		A82D6CF02B0F4A64006CF50A /* DartsGameAnswerView.swift */ = {isa = PBXFileReference; lastKnownFileType = sourcecode.swift; path = DartsGameAnswerView.swift; sourceTree = "<group>"; };
		A82D6CF22B0FC16B006CF50A /* DartsGameAnswersView.swift */ = {isa = PBXFileReference; lastKnownFileType = sourcecode.swift; path = DartsGameAnswersView.swift; sourceTree = "<group>"; };
		A82D6CF42B126C8E006CF50A /* DartsHitsView.swift */ = {isa = PBXFileReference; lastKnownFileType = sourcecode.swift; path = DartsHitsView.swift; sourceTree = "<group>"; };
		A82D6CF62B12722D006CF50A /* DartsTargetViewOptions.swift */ = {isa = PBXFileReference; lastKnownFileType = sourcecode.swift; path = DartsTargetViewOptions.swift; sourceTree = "<group>"; };
		A8742F912B0E79E50026E07F /* DartsGameView.swift */ = {isa = PBXFileReference; lastKnownFileType = sourcecode.swift; path = DartsGameView.swift; sourceTree = "<group>"; };
		A8742F932B0E79F30026E07F /* DartsGameViewModel.swift */ = {isa = PBXFileReference; lastKnownFileType = sourcecode.swift; path = DartsGameViewModel.swift; sourceTree = "<group>"; };
		A8742F962B0E7A470026E07F /* JsonCache.swift */ = {isa = PBXFileReference; lastKnownFileType = sourcecode.swift; path = JsonCache.swift; sourceTree = "<group>"; };
		A8742F982B0E7A650026E07F /* DataCacheError.swift */ = {isa = PBXFileReference; lastKnownFileType = sourcecode.swift; path = DataCacheError.swift; sourceTree = "<group>"; };
		A8742F9B2B0E87EC0026E07F /* DartsGameStatsView.swift */ = {isa = PBXFileReference; lastKnownFileType = sourcecode.swift; path = DartsGameStatsView.swift; sourceTree = "<group>"; };
		A88776142B0DEEFF005B746B /* DartsScore.app */ = {isa = PBXFileReference; explicitFileType = wrapper.application; includeInIndex = 0; path = DartsScore.app; sourceTree = BUILT_PRODUCTS_DIR; };
		A88776172B0DEEFF005B746B /* DartsScoreApp.swift */ = {isa = PBXFileReference; lastKnownFileType = sourcecode.swift; path = DartsScoreApp.swift; sourceTree = "<group>"; };
		A88776192B0DEEFF005B746B /* ContentView.swift */ = {isa = PBXFileReference; lastKnownFileType = sourcecode.swift; path = ContentView.swift; sourceTree = "<group>"; };
		A887761B2B0DEF02005B746B /* Assets.xcassets */ = {isa = PBXFileReference; lastKnownFileType = folder.assetcatalog; path = Assets.xcassets; sourceTree = "<group>"; };
		A887761E2B0DEF02005B746B /* Preview Assets.xcassets */ = {isa = PBXFileReference; lastKnownFileType = folder.assetcatalog; path = "Preview Assets.xcassets"; sourceTree = "<group>"; };
		A88776242B0DEF03005B746B /* DartsScoreTests.xctest */ = {isa = PBXFileReference; explicitFileType = wrapper.cfbundle; includeInIndex = 0; path = DartsScoreTests.xctest; sourceTree = BUILT_PRODUCTS_DIR; };
		A88776282B0DEF03005B746B /* DartsScoreTests.swift */ = {isa = PBXFileReference; lastKnownFileType = sourcecode.swift; path = DartsScoreTests.swift; sourceTree = "<group>"; };
		A887762E2B0DEF03005B746B /* DartsScoreUITests.xctest */ = {isa = PBXFileReference; explicitFileType = wrapper.cfbundle; includeInIndex = 0; path = DartsScoreUITests.xctest; sourceTree = BUILT_PRODUCTS_DIR; };
		A88776322B0DEF03005B746B /* DartsScoreUITests.swift */ = {isa = PBXFileReference; lastKnownFileType = sourcecode.swift; path = DartsScoreUITests.swift; sourceTree = "<group>"; };
		A88776342B0DEF03005B746B /* DartsScoreUITestsLaunchTests.swift */ = {isa = PBXFileReference; lastKnownFileType = sourcecode.swift; path = DartsScoreUITestsLaunchTests.swift; sourceTree = "<group>"; };
		A8A827242B0E42D600AD1BD0 /* DartsSector.swift */ = {isa = PBXFileReference; lastKnownFileType = sourcecode.swift; path = DartsSector.swift; sourceTree = "<group>"; };
		A8A827262B0E433200AD1BD0 /* DartsConstants.swift */ = {isa = PBXFileReference; lastKnownFileType = sourcecode.swift; path = DartsConstants.swift; sourceTree = "<group>"; };
		A8A827282B0E436C00AD1BD0 /* CGFloatExt.swift */ = {isa = PBXFileReference; lastKnownFileType = sourcecode.swift; path = CGFloatExt.swift; sourceTree = "<group>"; };
		A8A8272A2B0E43E900AD1BD0 /* AngleExt.swift */ = {isa = PBXFileReference; lastKnownFileType = sourcecode.swift; path = AngleExt.swift; sourceTree = "<group>"; };
		A8A8272E2B0E49AB00AD1BD0 /* Dart.swift */ = {isa = PBXFileReference; lastKnownFileType = sourcecode.swift; path = Dart.swift; sourceTree = "<group>"; };
		A8A827302B0E49CD00AD1BD0 /* CGPointExt.swift */ = {isa = PBXFileReference; lastKnownFileType = sourcecode.swift; path = CGPointExt.swift; sourceTree = "<group>"; };
		A8A827322B0E4A8500AD1BD0 /* DartsGameSnapshot.swift */ = {isa = PBXFileReference; lastKnownFileType = sourcecode.swift; path = DartsGameSnapshot.swift; sourceTree = "<group>"; };
		A8A827342B0E4AD200AD1BD0 /* DartsGame.swift */ = {isa = PBXFileReference; lastKnownFileType = sourcecode.swift; path = DartsGame.swift; sourceTree = "<group>"; };
		A8A827362B0E4B0200AD1BD0 /* AppSettings.swift */ = {isa = PBXFileReference; lastKnownFileType = sourcecode.swift; path = AppSettings.swift; sourceTree = "<group>"; };
		A8A827382B0E4B9E00AD1BD0 /* DartsGameStats.swift */ = {isa = PBXFileReference; lastKnownFileType = sourcecode.swift; path = DartsGameStats.swift; sourceTree = "<group>"; };
		A8A8273A2B0E4EA200AD1BD0 /* DartsTargetView.swift */ = {isa = PBXFileReference; lastKnownFileType = sourcecode.swift; path = DartsTargetView.swift; sourceTree = "<group>"; };
		A8A8273D2B0E4ED500AD1BD0 /* DartsHitsViewModel.swift */ = {isa = PBXFileReference; lastKnownFileType = sourcecode.swift; path = DartsHitsViewModel.swift; sourceTree = "<group>"; };
		A8C12F3B2B0E08B000940A64 /* TimerStringFormat.swift */ = {isa = PBXFileReference; lastKnownFileType = sourcecode.swift; path = TimerStringFormat.swift; sourceTree = "<group>"; };
		A8C12F3D2B0E0C4600940A64 /* CountdownTimerCircleProgressBarOptions.swift */ = {isa = PBXFileReference; lastKnownFileType = sourcecode.swift; path = CountdownTimerCircleProgressBarOptions.swift; sourceTree = "<group>"; };
		A8C12F3F2B0E0C9B00940A64 /* CountdownTimerViewModel.swift */ = {isa = PBXFileReference; lastKnownFileType = sourcecode.swift; path = CountdownTimerViewModel.swift; sourceTree = "<group>"; };
		A8C12F422B0E0D5F00940A64 /* IntExt.swift */ = {isa = PBXFileReference; lastKnownFileType = sourcecode.swift; path = IntExt.swift; sourceTree = "<group>"; };
		A8C12F442B0E0F8900940A64 /* UInt64Ext.swift */ = {isa = PBXFileReference; lastKnownFileType = sourcecode.swift; path = UInt64Ext.swift; sourceTree = "<group>"; };
		A8C12F462B0E143D00940A64 /* CountdownTimerCircleProgressBar.swift */ = {isa = PBXFileReference; lastKnownFileType = sourcecode.swift; path = CountdownTimerCircleProgressBar.swift; sourceTree = "<group>"; };
		A8DB72712B161402001145BF /* PalletColor.swift */ = {isa = PBXFileReference; lastKnownFileType = sourcecode.swift; path = PalletColor.swift; sourceTree = "<group>"; };
		A8DB72732B162304001145BF /* TitleView.swift */ = {isa = PBXFileReference; lastKnownFileType = sourcecode.swift; path = TitleView.swift; sourceTree = "<group>"; };
		A8DB72752B16267C001145BF /* ViewExt.swift */ = {isa = PBXFileReference; lastKnownFileType = sourcecode.swift; path = ViewExt.swift; sourceTree = "<group>"; };
		A8DB72772B173AA9001145BF /* Info.plist */ = {isa = PBXFileReference; lastKnownFileType = text.plist; path = Info.plist; sourceTree = "<group>"; };
		A8DB72782B177680001145BF /* Localizable.xcstrings */ = {isa = PBXFileReference; lastKnownFileType = text.json.xcstrings; path = Localizable.xcstrings; sourceTree = "<group>"; };
		A8DB727A2B18600D001145BF /* DartsGameStatisticsSheet.swift */ = {isa = PBXFileReference; lastKnownFileType = sourcecode.swift; path = DartsGameStatisticsSheet.swift; sourceTree = "<group>"; };
		A8EA84912B14A800009FBDB5 /* DartsGameSnapshotsList.swift */ = {isa = PBXFileReference; lastKnownFileType = sourcecode.swift; path = DartsGameSnapshotsList.swift; sourceTree = "<group>"; };
		A8EA84932B14C521009FBDB5 /* MockData.swift */ = {isa = PBXFileReference; lastKnownFileType = sourcecode.swift; path = MockData.swift; sourceTree = "<group>"; };
		A8EA84952B1530B0009FBDB5 /* ColorExt.swift */ = {isa = PBXFileReference; lastKnownFileType = sourcecode.swift; path = ColorExt.swift; sourceTree = "<group>"; };
		A8EA84972B15C27F009FBDB5 /* PrimaryButtonStyle.swift */ = {isa = PBXFileReference; lastKnownFileType = sourcecode.swift; path = PrimaryButtonStyle.swift; sourceTree = "<group>"; };
/* End PBXFileReference section */

/* Begin PBXFrameworksBuildPhase section */
		A88776112B0DEEFF005B746B /* Frameworks */ = {
			isa = PBXFrameworksBuildPhase;
			buildActionMask = 2147483647;
			files = (
			);
			runOnlyForDeploymentPostprocessing = 0;
		};
		A88776212B0DEF03005B746B /* Frameworks */ = {
			isa = PBXFrameworksBuildPhase;
			buildActionMask = 2147483647;
			files = (
			);
			runOnlyForDeploymentPostprocessing = 0;
		};
		A887762B2B0DEF03005B746B /* Frameworks */ = {
			isa = PBXFrameworksBuildPhase;
			buildActionMask = 2147483647;
			files = (
			);
			runOnlyForDeploymentPostprocessing = 0;
		};
/* End PBXFrameworksBuildPhase section */

/* Begin PBXGroup section */
		A82D6CF82B13AFC2006CF50A /* Subviews */ = {
			isa = PBXGroup;
			children = (
				A82D6CF42B126C8E006CF50A /* DartsHitsView.swift */,
				A82D6CF02B0F4A64006CF50A /* DartsGameAnswerView.swift */,
				A8EA84972B15C27F009FBDB5 /* PrimaryButtonStyle.swift */,
				A8DB72732B162304001145BF /* TitleView.swift */,
			);
			path = Subviews;
			sourceTree = "<group>";
		};
		A8742F902B0E79B70026E07F /* DartsGame */ = {
			isa = PBXGroup;
			children = (
				A8742F912B0E79E50026E07F /* DartsGameView.swift */,
				A8742F932B0E79F30026E07F /* DartsGameViewModel.swift */,
				A8A8273D2B0E4ED500AD1BD0 /* DartsHitsViewModel.swift */,
			);
			path = DartsGame;
			sourceTree = "<group>";
		};
		A8742F952B0E7A0C0026E07F /* Cache */ = {
			isa = PBXGroup;
			children = (
				A8742F982B0E7A650026E07F /* DataCacheError.swift */,
				A8742F962B0E7A470026E07F /* JsonCache.swift */,
			);
			path = Cache;
			sourceTree = "<group>";
		};
		A8742F9A2B0E87BB0026E07F /* DartsGameHistory */ = {
			isa = PBXGroup;
			children = (
				A8742F9B2B0E87EC0026E07F /* DartsGameStatsView.swift */,
				A82D6CF22B0FC16B006CF50A /* DartsGameAnswersView.swift */,
				A8DB727A2B18600D001145BF /* DartsGameStatisticsSheet.swift */,
			);
			path = DartsGameHistory;
			sourceTree = "<group>";
		};
		A887760B2B0DEEFF005B746B = {
			isa = PBXGroup;
			children = (
				A88776162B0DEEFF005B746B /* DartsScore */,
				A88776272B0DEF03005B746B /* DartsScoreTests */,
				A88776312B0DEF03005B746B /* DartsScoreUITests */,
				A88776152B0DEEFF005B746B /* Products */,
			);
			sourceTree = "<group>";
		};
		A88776152B0DEEFF005B746B /* Products */ = {
			isa = PBXGroup;
			children = (
				A88776142B0DEEFF005B746B /* DartsScore.app */,
				A88776242B0DEF03005B746B /* DartsScoreTests.xctest */,
				A887762E2B0DEF03005B746B /* DartsScoreUITests.xctest */,
			);
			name = Products;
			sourceTree = "<group>";
		};
		A88776162B0DEEFF005B746B /* DartsScore */ = {
			isa = PBXGroup;
			children = (
				A8DB72772B173AA9001145BF /* Info.plist */,
				A88776172B0DEEFF005B746B /* DartsScoreApp.swift */,
				A88776192B0DEEFF005B746B /* ContentView.swift */,
				A8A827262B0E433200AD1BD0 /* DartsConstants.swift */,
				A8A827362B0E4B0200AD1BD0 /* AppSettings.swift */,
				A8EA84932B14C521009FBDB5 /* MockData.swift */,
				A8DB72712B161402001145BF /* PalletColor.swift */,
				A8A827232B0E42C900AD1BD0 /* Models */,
				A8C12F412B0E0D3100940A64 /* Extensions */,
				A8742F952B0E7A0C0026E07F /* Cache */,
				A8C12F3A2B0E088E00940A64 /* CountdownTimer */,
				A8A8273C2B0E4EAF00AD1BD0 /* DartsTarget */,
				A8742F902B0E79B70026E07F /* DartsGame */,
				A8742F9A2B0E87BB0026E07F /* DartsGameHistory */,
				A887761B2B0DEF02005B746B /* Assets.xcassets */,
				A82D6CF82B13AFC2006CF50A /* Subviews */,
				A887761D2B0DEF02005B746B /* Preview Content */,
				A8DB72782B177680001145BF /* Localizable.xcstrings */,
			);
			path = DartsScore;
			sourceTree = "<group>";
		};
		A887761D2B0DEF02005B746B /* Preview Content */ = {
			isa = PBXGroup;
			children = (
				A887761E2B0DEF02005B746B /* Preview Assets.xcassets */,
			);
			path = "Preview Content";
			sourceTree = "<group>";
		};
		A88776272B0DEF03005B746B /* DartsScoreTests */ = {
			isa = PBXGroup;
			children = (
				A88776282B0DEF03005B746B /* DartsScoreTests.swift */,
			);
			path = DartsScoreTests;
			sourceTree = "<group>";
		};
		A88776312B0DEF03005B746B /* DartsScoreUITests */ = {
			isa = PBXGroup;
			children = (
				A88776322B0DEF03005B746B /* DartsScoreUITests.swift */,
				A88776342B0DEF03005B746B /* DartsScoreUITestsLaunchTests.swift */,
			);
			path = DartsScoreUITests;
			sourceTree = "<group>";
		};
		A8A827232B0E42C900AD1BD0 /* Models */ = {
			isa = PBXGroup;
			children = (
				A8A827242B0E42D600AD1BD0 /* DartsSector.swift */,
				A8A8272E2B0E49AB00AD1BD0 /* Dart.swift */,
				A8A827342B0E4AD200AD1BD0 /* DartsGame.swift */,
				A8A827322B0E4A8500AD1BD0 /* DartsGameSnapshot.swift */,
				A8EA84912B14A800009FBDB5 /* DartsGameSnapshotsList.swift */,
				A8A827382B0E4B9E00AD1BD0 /* DartsGameStats.swift */,
			);
			path = Models;
			sourceTree = "<group>";
		};
		A8A8273C2B0E4EAF00AD1BD0 /* DartsTarget */ = {
			isa = PBXGroup;
			children = (
				A8A8273A2B0E4EA200AD1BD0 /* DartsTargetView.swift */,
				A82D6CF62B12722D006CF50A /* DartsTargetViewOptions.swift */,
			);
			path = DartsTarget;
			sourceTree = "<group>";
		};
		A8C12F3A2B0E088E00940A64 /* CountdownTimer */ = {
			isa = PBXGroup;
			children = (
				A8C12F3B2B0E08B000940A64 /* TimerStringFormat.swift */,
				A8C12F3F2B0E0C9B00940A64 /* CountdownTimerViewModel.swift */,
				A8C12F462B0E143D00940A64 /* CountdownTimerCircleProgressBar.swift */,
				A8C12F3D2B0E0C4600940A64 /* CountdownTimerCircleProgressBarOptions.swift */,
			);
			path = CountdownTimer;
			sourceTree = "<group>";
		};
		A8C12F412B0E0D3100940A64 /* Extensions */ = {
			isa = PBXGroup;
			children = (
				A8A8272A2B0E43E900AD1BD0 /* AngleExt.swift */,
				A8A827282B0E436C00AD1BD0 /* CGFloatExt.swift */,
				A8A827302B0E49CD00AD1BD0 /* CGPointExt.swift */,
				A8EA84952B1530B0009FBDB5 /* ColorExt.swift */,
				A8C12F422B0E0D5F00940A64 /* IntExt.swift */,
				A8DB72752B16267C001145BF /* ViewExt.swift */,
				A8C12F442B0E0F8900940A64 /* UInt64Ext.swift */,
			);
			path = Extensions;
			sourceTree = "<group>";
		};
/* End PBXGroup section */

/* Begin PBXNativeTarget section */
		A88776132B0DEEFF005B746B /* DartsScore */ = {
			isa = PBXNativeTarget;
			buildConfigurationList = A88776382B0DEF03005B746B /* Build configuration list for PBXNativeTarget "DartsScore" */;
			buildPhases = (
				A88776102B0DEEFF005B746B /* Sources */,
				A88776112B0DEEFF005B746B /* Frameworks */,
				A88776122B0DEEFF005B746B /* Resources */,
				A8C12F392B0DFD2300940A64 /* ShellScript */,
			);
			buildRules = (
			);
			dependencies = (
			);
			name = DartsScore;
			productName = DartsScore;
			productReference = A88776142B0DEEFF005B746B /* DartsScore.app */;
			productType = "com.apple.product-type.application";
		};
		A88776232B0DEF03005B746B /* DartsScoreTests */ = {
			isa = PBXNativeTarget;
			buildConfigurationList = A887763B2B0DEF03005B746B /* Build configuration list for PBXNativeTarget "DartsScoreTests" */;
			buildPhases = (
				A88776202B0DEF03005B746B /* Sources */,
				A88776212B0DEF03005B746B /* Frameworks */,
				A88776222B0DEF03005B746B /* Resources */,
			);
			buildRules = (
			);
			dependencies = (
				A88776262B0DEF03005B746B /* PBXTargetDependency */,
			);
			name = DartsScoreTests;
			productName = DartsScoreTests;
			productReference = A88776242B0DEF03005B746B /* DartsScoreTests.xctest */;
			productType = "com.apple.product-type.bundle.unit-test";
		};
		A887762D2B0DEF03005B746B /* DartsScoreUITests */ = {
			isa = PBXNativeTarget;
			buildConfigurationList = A887763E2B0DEF03005B746B /* Build configuration list for PBXNativeTarget "DartsScoreUITests" */;
			buildPhases = (
				A887762A2B0DEF03005B746B /* Sources */,
				A887762B2B0DEF03005B746B /* Frameworks */,
				A887762C2B0DEF03005B746B /* Resources */,
			);
			buildRules = (
			);
			dependencies = (
				A88776302B0DEF03005B746B /* PBXTargetDependency */,
			);
			name = DartsScoreUITests;
			productName = DartsScoreUITests;
			productReference = A887762E2B0DEF03005B746B /* DartsScoreUITests.xctest */;
			productType = "com.apple.product-type.bundle.ui-testing";
		};
/* End PBXNativeTarget section */

/* Begin PBXProject section */
		A887760C2B0DEEFF005B746B /* Project object */ = {
			isa = PBXProject;
			attributes = {
				BuildIndependentTargetsInParallel = 1;
				LastSwiftUpdateCheck = 1500;
				LastUpgradeCheck = 1500;
				TargetAttributes = {
					A88776132B0DEEFF005B746B = {
						CreatedOnToolsVersion = 15.0.1;
					};
					A88776232B0DEF03005B746B = {
						CreatedOnToolsVersion = 15.0.1;
						TestTargetID = A88776132B0DEEFF005B746B;
					};
					A887762D2B0DEF03005B746B = {
						CreatedOnToolsVersion = 15.0.1;
						TestTargetID = A88776132B0DEEFF005B746B;
					};
				};
			};
			buildConfigurationList = A887760F2B0DEEFF005B746B /* Build configuration list for PBXProject "DartsScore" */;
			compatibilityVersion = "Xcode 14.0";
			developmentRegion = en;
			hasScannedForEncodings = 0;
			knownRegions = (
				en,
				Base,
				ru,
			);
			mainGroup = A887760B2B0DEEFF005B746B;
			productRefGroup = A88776152B0DEEFF005B746B /* Products */;
			projectDirPath = "";
			projectRoot = "";
			targets = (
				A88776132B0DEEFF005B746B /* DartsScore */,
				A88776232B0DEF03005B746B /* DartsScoreTests */,
				A887762D2B0DEF03005B746B /* DartsScoreUITests */,
			);
		};
/* End PBXProject section */

/* Begin PBXResourcesBuildPhase section */
		A88776122B0DEEFF005B746B /* Resources */ = {
			isa = PBXResourcesBuildPhase;
			buildActionMask = 2147483647;
			files = (
				A887761F2B0DEF02005B746B /* Preview Assets.xcassets in Resources */,
				A887761C2B0DEF02005B746B /* Assets.xcassets in Resources */,
				A8DB72792B177680001145BF /* Localizable.xcstrings in Resources */,
			);
			runOnlyForDeploymentPostprocessing = 0;
		};
		A88776222B0DEF03005B746B /* Resources */ = {
			isa = PBXResourcesBuildPhase;
			buildActionMask = 2147483647;
			files = (
			);
			runOnlyForDeploymentPostprocessing = 0;
		};
		A887762C2B0DEF03005B746B /* Resources */ = {
			isa = PBXResourcesBuildPhase;
			buildActionMask = 2147483647;
			files = (
			);
			runOnlyForDeploymentPostprocessing = 0;
		};
/* End PBXResourcesBuildPhase section */

/* Begin PBXShellScriptBuildPhase section */
		A8C12F392B0DFD2300940A64 /* ShellScript */ = {
			isa = PBXShellScriptBuildPhase;
			buildActionMask = 12;
			files = (
			);
			inputFileListPaths = (
			);
			inputPaths = (
			);
			outputFileListPaths = (
			);
			outputPaths = (
			);
			runOnlyForDeploymentPostprocessing = 0;
			shellPath = /bin/sh;
			shellScript = "# Type a script or drag a script file from your workspace to insert its path.\nif which swiftlint >/dev/null; then\n  swiftlint\nelse\n  echo \"error: SwiftLint does not exist, download it from https://github.com/realm/SwiftLint\"\nfi\n";
		};
/* End PBXShellScriptBuildPhase section */

/* Begin PBXSourcesBuildPhase section */
		A88776102B0DEEFF005B746B /* Sources */ = {
			isa = PBXSourcesBuildPhase;
			buildActionMask = 2147483647;
			files = (
				A8742F992B0E7A650026E07F /* DataCacheError.swift in Sources */,
				A8742F972B0E7A470026E07F /* JsonCache.swift in Sources */,
				A82D6CF72B12722D006CF50A /* DartsTargetViewOptions.swift in Sources */,
				A8A827352B0E4AD200AD1BD0 /* DartsGame.swift in Sources */,
				A82D6CF32B0FC16C006CF50A /* DartsGameAnswersView.swift in Sources */,
				A8A827272B0E433200AD1BD0 /* DartsConstants.swift in Sources */,
				A8742F922B0E79E50026E07F /* DartsGameView.swift in Sources */,
				A8C12F3C2B0E08B100940A64 /* TimerStringFormat.swift in Sources */,
				A8EA84942B14C521009FBDB5 /* MockData.swift in Sources */,
				A8EA84922B14A800009FBDB5 /* DartsGameSnapshotsList.swift in Sources */,
				A8742F9C2B0E87EC0026E07F /* DartsGameStatsView.swift in Sources */,
				A8C12F402B0E0C9B00940A64 /* CountdownTimerViewModel.swift in Sources */,
				A8EA84982B15C27F009FBDB5 /* PrimaryButtonStyle.swift in Sources */,
				A8A827252B0E42D600AD1BD0 /* DartsSector.swift in Sources */,
				A8C12F3E2B0E0C4600940A64 /* CountdownTimerCircleProgressBarOptions.swift in Sources */,
				A8A8273B2B0E4EA200AD1BD0 /* DartsTargetView.swift in Sources */,
				A8DB72762B16267C001145BF /* ViewExt.swift in Sources */,
				A8A8272B2B0E43E900AD1BD0 /* AngleExt.swift in Sources */,
				A82D6CF52B126C8E006CF50A /* DartsHitsView.swift in Sources */,
				A8742F942B0E79F30026E07F /* DartsGameViewModel.swift in Sources */,
				A8C12F452B0E0F8900940A64 /* UInt64Ext.swift in Sources */,
				A8A827312B0E49CD00AD1BD0 /* CGPointExt.swift in Sources */,
				A8DB72722B161402001145BF /* PalletColor.swift in Sources */,
				A8A8273E2B0E4ED500AD1BD0 /* DartsHitsViewModel.swift in Sources */,
				A8A827392B0E4B9E00AD1BD0 /* DartsGameStats.swift in Sources */,
				A8DB72742B162304001145BF /* TitleView.swift in Sources */,
				A8A8272F2B0E49AB00AD1BD0 /* Dart.swift in Sources */,
				A887761A2B0DEEFF005B746B /* ContentView.swift in Sources */,
				A88776182B0DEEFF005B746B /* DartsScoreApp.swift in Sources */,
				A8DB727B2B18600E001145BF /* DartsGameStatisticsSheet.swift in Sources */,
				A8EA84962B1530B0009FBDB5 /* ColorExt.swift in Sources */,
				A8A827292B0E436C00AD1BD0 /* CGFloatExt.swift in Sources */,
				A82D6CF12B0F4A64006CF50A /* DartsGameAnswerView.swift in Sources */,
				A8A827372B0E4B0200AD1BD0 /* AppSettings.swift in Sources */,
				A8C12F472B0E143D00940A64 /* CountdownTimerCircleProgressBar.swift in Sources */,
				A8C12F432B0E0D5F00940A64 /* IntExt.swift in Sources */,
				A8A827332B0E4A8500AD1BD0 /* DartsGameSnapshot.swift in Sources */,
			);
			runOnlyForDeploymentPostprocessing = 0;
		};
		A88776202B0DEF03005B746B /* Sources */ = {
			isa = PBXSourcesBuildPhase;
			buildActionMask = 2147483647;
			files = (
				A88776292B0DEF03005B746B /* DartsScoreTests.swift in Sources */,
			);
			runOnlyForDeploymentPostprocessing = 0;
		};
		A887762A2B0DEF03005B746B /* Sources */ = {
			isa = PBXSourcesBuildPhase;
			buildActionMask = 2147483647;
			files = (
				A88776352B0DEF03005B746B /* DartsScoreUITestsLaunchTests.swift in Sources */,
				A88776332B0DEF03005B746B /* DartsScoreUITests.swift in Sources */,
			);
			runOnlyForDeploymentPostprocessing = 0;
		};
/* End PBXSourcesBuildPhase section */

/* Begin PBXTargetDependency section */
		A88776262B0DEF03005B746B /* PBXTargetDependency */ = {
			isa = PBXTargetDependency;
			target = A88776132B0DEEFF005B746B /* DartsScore */;
			targetProxy = A88776252B0DEF03005B746B /* PBXContainerItemProxy */;
		};
		A88776302B0DEF03005B746B /* PBXTargetDependency */ = {
			isa = PBXTargetDependency;
			target = A88776132B0DEEFF005B746B /* DartsScore */;
			targetProxy = A887762F2B0DEF03005B746B /* PBXContainerItemProxy */;
		};
/* End PBXTargetDependency section */

/* Begin XCBuildConfiguration section */
		A88776362B0DEF03005B746B /* Debug */ = {
			isa = XCBuildConfiguration;
			buildSettings = {
				ALWAYS_SEARCH_USER_PATHS = NO;
				ASSETCATALOG_COMPILER_GENERATE_SWIFT_ASSET_SYMBOL_EXTENSIONS = YES;
				CLANG_ANALYZER_NONNULL = YES;
				CLANG_ANALYZER_NUMBER_OBJECT_CONVERSION = YES_AGGRESSIVE;
				CLANG_CXX_LANGUAGE_STANDARD = "gnu++20";
				CLANG_ENABLE_MODULES = YES;
				CLANG_ENABLE_OBJC_ARC = YES;
				CLANG_ENABLE_OBJC_WEAK = YES;
				CLANG_WARN_BLOCK_CAPTURE_AUTORELEASING = YES;
				CLANG_WARN_BOOL_CONVERSION = YES;
				CLANG_WARN_COMMA = YES;
				CLANG_WARN_CONSTANT_CONVERSION = YES;
				CLANG_WARN_DEPRECATED_OBJC_IMPLEMENTATIONS = YES;
				CLANG_WARN_DIRECT_OBJC_ISA_USAGE = YES_ERROR;
				CLANG_WARN_DOCUMENTATION_COMMENTS = YES;
				CLANG_WARN_EMPTY_BODY = YES;
				CLANG_WARN_ENUM_CONVERSION = YES;
				CLANG_WARN_INFINITE_RECURSION = YES;
				CLANG_WARN_INT_CONVERSION = YES;
				CLANG_WARN_NON_LITERAL_NULL_CONVERSION = YES;
				CLANG_WARN_OBJC_IMPLICIT_RETAIN_SELF = YES;
				CLANG_WARN_OBJC_LITERAL_CONVERSION = YES;
				CLANG_WARN_OBJC_ROOT_CLASS = YES_ERROR;
				CLANG_WARN_QUOTED_INCLUDE_IN_FRAMEWORK_HEADER = YES;
				CLANG_WARN_RANGE_LOOP_ANALYSIS = YES;
				CLANG_WARN_STRICT_PROTOTYPES = YES;
				CLANG_WARN_SUSPICIOUS_MOVE = YES;
				CLANG_WARN_UNGUARDED_AVAILABILITY = YES_AGGRESSIVE;
				CLANG_WARN_UNREACHABLE_CODE = YES;
				CLANG_WARN__DUPLICATE_METHOD_MATCH = YES;
				COPY_PHASE_STRIP = NO;
				DEBUG_INFORMATION_FORMAT = dwarf;
				ENABLE_STRICT_OBJC_MSGSEND = YES;
				ENABLE_TESTABILITY = YES;
				ENABLE_USER_SCRIPT_SANDBOXING = NO;
				GCC_C_LANGUAGE_STANDARD = gnu17;
				GCC_DYNAMIC_NO_PIC = NO;
				GCC_NO_COMMON_BLOCKS = YES;
				GCC_OPTIMIZATION_LEVEL = 0;
				GCC_PREPROCESSOR_DEFINITIONS = (
					"DEBUG=1",
					"$(inherited)",
				);
				GCC_WARN_64_TO_32_BIT_CONVERSION = YES;
				GCC_WARN_ABOUT_RETURN_TYPE = YES_ERROR;
				GCC_WARN_UNDECLARED_SELECTOR = YES;
				GCC_WARN_UNINITIALIZED_AUTOS = YES_AGGRESSIVE;
				GCC_WARN_UNUSED_FUNCTION = YES;
				GCC_WARN_UNUSED_VARIABLE = YES;
				IPHONEOS_DEPLOYMENT_TARGET = 16.0;
				LOCALIZATION_PREFERS_STRING_CATALOGS = YES;
				MTL_ENABLE_DEBUG_INFO = INCLUDE_SOURCE;
				MTL_FAST_MATH = YES;
				ONLY_ACTIVE_ARCH = YES;
				SDKROOT = iphoneos;
				SWIFT_ACTIVE_COMPILATION_CONDITIONS = "DEBUG $(inherited)";
				SWIFT_OPTIMIZATION_LEVEL = "-Onone";
			};
			name = Debug;
		};
		A88776372B0DEF03005B746B /* Release */ = {
			isa = XCBuildConfiguration;
			buildSettings = {
				ALWAYS_SEARCH_USER_PATHS = NO;
				ASSETCATALOG_COMPILER_GENERATE_SWIFT_ASSET_SYMBOL_EXTENSIONS = YES;
				CLANG_ANALYZER_NONNULL = YES;
				CLANG_ANALYZER_NUMBER_OBJECT_CONVERSION = YES_AGGRESSIVE;
				CLANG_CXX_LANGUAGE_STANDARD = "gnu++20";
				CLANG_ENABLE_MODULES = YES;
				CLANG_ENABLE_OBJC_ARC = YES;
				CLANG_ENABLE_OBJC_WEAK = YES;
				CLANG_WARN_BLOCK_CAPTURE_AUTORELEASING = YES;
				CLANG_WARN_BOOL_CONVERSION = YES;
				CLANG_WARN_COMMA = YES;
				CLANG_WARN_CONSTANT_CONVERSION = YES;
				CLANG_WARN_DEPRECATED_OBJC_IMPLEMENTATIONS = YES;
				CLANG_WARN_DIRECT_OBJC_ISA_USAGE = YES_ERROR;
				CLANG_WARN_DOCUMENTATION_COMMENTS = YES;
				CLANG_WARN_EMPTY_BODY = YES;
				CLANG_WARN_ENUM_CONVERSION = YES;
				CLANG_WARN_INFINITE_RECURSION = YES;
				CLANG_WARN_INT_CONVERSION = YES;
				CLANG_WARN_NON_LITERAL_NULL_CONVERSION = YES;
				CLANG_WARN_OBJC_IMPLICIT_RETAIN_SELF = YES;
				CLANG_WARN_OBJC_LITERAL_CONVERSION = YES;
				CLANG_WARN_OBJC_ROOT_CLASS = YES_ERROR;
				CLANG_WARN_QUOTED_INCLUDE_IN_FRAMEWORK_HEADER = YES;
				CLANG_WARN_RANGE_LOOP_ANALYSIS = YES;
				CLANG_WARN_STRICT_PROTOTYPES = YES;
				CLANG_WARN_SUSPICIOUS_MOVE = YES;
				CLANG_WARN_UNGUARDED_AVAILABILITY = YES_AGGRESSIVE;
				CLANG_WARN_UNREACHABLE_CODE = YES;
				CLANG_WARN__DUPLICATE_METHOD_MATCH = YES;
				COPY_PHASE_STRIP = NO;
				DEBUG_INFORMATION_FORMAT = "dwarf-with-dsym";
				ENABLE_NS_ASSERTIONS = NO;
				ENABLE_STRICT_OBJC_MSGSEND = YES;
				ENABLE_USER_SCRIPT_SANDBOXING = NO;
				GCC_C_LANGUAGE_STANDARD = gnu17;
				GCC_NO_COMMON_BLOCKS = YES;
				GCC_WARN_64_TO_32_BIT_CONVERSION = YES;
				GCC_WARN_ABOUT_RETURN_TYPE = YES_ERROR;
				GCC_WARN_UNDECLARED_SELECTOR = YES;
				GCC_WARN_UNINITIALIZED_AUTOS = YES_AGGRESSIVE;
				GCC_WARN_UNUSED_FUNCTION = YES;
				GCC_WARN_UNUSED_VARIABLE = YES;
				IPHONEOS_DEPLOYMENT_TARGET = 16.0;
				LOCALIZATION_PREFERS_STRING_CATALOGS = YES;
				MTL_ENABLE_DEBUG_INFO = NO;
				MTL_FAST_MATH = YES;
				SDKROOT = iphoneos;
				SWIFT_COMPILATION_MODE = wholemodule;
				VALIDATE_PRODUCT = YES;
			};
			name = Release;
		};
		A88776392B0DEF03005B746B /* Debug */ = {
			isa = XCBuildConfiguration;
			buildSettings = {
				ASSETCATALOG_COMPILER_APPICON_NAME = AppIcon;
				ASSETCATALOG_COMPILER_GLOBAL_ACCENT_COLOR_NAME = AccentColor;
				CODE_SIGN_STYLE = Automatic;
				CURRENT_PROJECT_VERSION = 1;
				DEVELOPMENT_ASSET_PATHS = "\"DartsScore/Preview Content\"";
				DEVELOPMENT_TEAM = 8FA6F58X42;
				ENABLE_PREVIEWS = YES;
				GENERATE_INFOPLIST_FILE = YES;
				INFOPLIST_FILE = DartsScore/Info.plist;
				INFOPLIST_KEY_CFBundleDisplayName = "Darts Score";
				INFOPLIST_KEY_UIApplicationSceneManifest_Generation = YES;
				INFOPLIST_KEY_UIApplicationSupportsIndirectInputEvents = YES;
				INFOPLIST_KEY_UILaunchScreen_Generation = YES;
				INFOPLIST_KEY_UIStatusBarStyle = "";
				INFOPLIST_KEY_UISupportedInterfaceOrientations = UIInterfaceOrientationPortrait;
				INFOPLIST_KEY_UISupportedInterfaceOrientations_iPad = "UIInterfaceOrientationLandscapeLeft UIInterfaceOrientationLandscapeRight UIInterfaceOrientationPortrait UIInterfaceOrientationPortraitUpsideDown";
				IPHONEOS_DEPLOYMENT_TARGET = 16.0;
				LD_RUNPATH_SEARCH_PATHS = (
					"$(inherited)",
					"@executable_path/Frameworks",
				);
				MARKETING_VERSION = 1.0;
				PRODUCT_BUNDLE_IDENTIFIER = com.koteika19.DartsScore;
				PRODUCT_NAME = "$(TARGET_NAME)";
				SUPPORTED_PLATFORMS = "iphoneos iphonesimulator";
				SUPPORTS_MACCATALYST = NO;
				SUPPORTS_MAC_DESIGNED_FOR_IPHONE_IPAD = NO;
				SWIFT_EMIT_LOC_STRINGS = YES;
				SWIFT_VERSION = 5.0;
				TARGETED_DEVICE_FAMILY = "1,2";
			};
			name = Debug;
		};
		A887763A2B0DEF03005B746B /* Release */ = {
			isa = XCBuildConfiguration;
			buildSettings = {
				ASSETCATALOG_COMPILER_APPICON_NAME = AppIcon;
				ASSETCATALOG_COMPILER_GLOBAL_ACCENT_COLOR_NAME = AccentColor;
				CODE_SIGN_STYLE = Automatic;
				CURRENT_PROJECT_VERSION = 1;
				DEVELOPMENT_ASSET_PATHS = "\"DartsScore/Preview Content\"";
				DEVELOPMENT_TEAM = 8FA6F58X42;
				ENABLE_PREVIEWS = YES;
				GENERATE_INFOPLIST_FILE = YES;
				INFOPLIST_FILE = DartsScore/Info.plist;
				INFOPLIST_KEY_CFBundleDisplayName = "Darts Score";
				INFOPLIST_KEY_UIApplicationSceneManifest_Generation = YES;
				INFOPLIST_KEY_UIApplicationSupportsIndirectInputEvents = YES;
				INFOPLIST_KEY_UILaunchScreen_Generation = YES;
				INFOPLIST_KEY_UIStatusBarStyle = "";
				INFOPLIST_KEY_UISupportedInterfaceOrientations = UIInterfaceOrientationPortrait;
				INFOPLIST_KEY_UISupportedInterfaceOrientations_iPad = "UIInterfaceOrientationLandscapeLeft UIInterfaceOrientationLandscapeRight UIInterfaceOrientationPortrait UIInterfaceOrientationPortraitUpsideDown";
				IPHONEOS_DEPLOYMENT_TARGET = 16.0;
				LD_RUNPATH_SEARCH_PATHS = (
					"$(inherited)",
					"@executable_path/Frameworks",
				);
				MARKETING_VERSION = 1.0;
				PRODUCT_BUNDLE_IDENTIFIER = com.koteika19.DartsScore;
				PRODUCT_NAME = "$(TARGET_NAME)";
				SUPPORTED_PLATFORMS = "iphoneos iphonesimulator";
				SUPPORTS_MACCATALYST = NO;
				SUPPORTS_MAC_DESIGNED_FOR_IPHONE_IPAD = NO;
				SWIFT_EMIT_LOC_STRINGS = YES;
				SWIFT_VERSION = 5.0;
				TARGETED_DEVICE_FAMILY = "1,2";
			};
			name = Release;
		};
		A887763C2B0DEF03005B746B /* Debug */ = {
			isa = XCBuildConfiguration;
			buildSettings = {
				ALWAYS_EMBED_SWIFT_STANDARD_LIBRARIES = YES;
				BUNDLE_LOADER = "$(TEST_HOST)";
				CODE_SIGN_STYLE = Automatic;
				CURRENT_PROJECT_VERSION = 1;
				DEVELOPMENT_TEAM = 8FA6F58X42;
				GENERATE_INFOPLIST_FILE = YES;
				IPHONEOS_DEPLOYMENT_TARGET = 17.0;
				MARKETING_VERSION = 1.0;
				PRODUCT_BUNDLE_IDENTIFIER = com.koteika19.DartsScoreTests;
				PRODUCT_NAME = "$(TARGET_NAME)";
				SWIFT_EMIT_LOC_STRINGS = NO;
				SWIFT_VERSION = 5.0;
				TARGETED_DEVICE_FAMILY = "1,2";
				TEST_HOST = "$(BUILT_PRODUCTS_DIR)/DartsScore.app/$(BUNDLE_EXECUTABLE_FOLDER_PATH)/DartsScore";
			};
			name = Debug;
		};
		A887763D2B0DEF03005B746B /* Release */ = {
			isa = XCBuildConfiguration;
			buildSettings = {
				ALWAYS_EMBED_SWIFT_STANDARD_LIBRARIES = YES;
				BUNDLE_LOADER = "$(TEST_HOST)";
				CODE_SIGN_STYLE = Automatic;
				CURRENT_PROJECT_VERSION = 1;
				DEVELOPMENT_TEAM = 8FA6F58X42;
				GENERATE_INFOPLIST_FILE = YES;
				IPHONEOS_DEPLOYMENT_TARGET = 17.0;
				MARKETING_VERSION = 1.0;
				PRODUCT_BUNDLE_IDENTIFIER = com.koteika19.DartsScoreTests;
				PRODUCT_NAME = "$(TARGET_NAME)";
				SWIFT_EMIT_LOC_STRINGS = NO;
				SWIFT_VERSION = 5.0;
				TARGETED_DEVICE_FAMILY = "1,2";
				TEST_HOST = "$(BUILT_PRODUCTS_DIR)/DartsScore.app/$(BUNDLE_EXECUTABLE_FOLDER_PATH)/DartsScore";
			};
			name = Release;
		};
		A887763F2B0DEF03005B746B /* Debug */ = {
			isa = XCBuildConfiguration;
			buildSettings = {
				ALWAYS_EMBED_SWIFT_STANDARD_LIBRARIES = YES;
				CODE_SIGN_STYLE = Automatic;
				CURRENT_PROJECT_VERSION = 1;
				DEVELOPMENT_TEAM = 8FA6F58X42;
				GENERATE_INFOPLIST_FILE = YES;
				MARKETING_VERSION = 1.0;
				PRODUCT_BUNDLE_IDENTIFIER = com.koteika19.DartsScoreUITests;
				PRODUCT_NAME = "$(TARGET_NAME)";
				SWIFT_EMIT_LOC_STRINGS = NO;
				SWIFT_VERSION = 5.0;
				TARGETED_DEVICE_FAMILY = "1,2";
				TEST_TARGET_NAME = DartsScore;
			};
			name = Debug;
		};
		A88776402B0DEF03005B746B /* Release */ = {
			isa = XCBuildConfiguration;
			buildSettings = {
				ALWAYS_EMBED_SWIFT_STANDARD_LIBRARIES = YES;
				CODE_SIGN_STYLE = Automatic;
				CURRENT_PROJECT_VERSION = 1;
				DEVELOPMENT_TEAM = 8FA6F58X42;
				GENERATE_INFOPLIST_FILE = YES;
				MARKETING_VERSION = 1.0;
				PRODUCT_BUNDLE_IDENTIFIER = com.koteika19.DartsScoreUITests;
				PRODUCT_NAME = "$(TARGET_NAME)";
				SWIFT_EMIT_LOC_STRINGS = NO;
				SWIFT_VERSION = 5.0;
				TARGETED_DEVICE_FAMILY = "1,2";
				TEST_TARGET_NAME = DartsScore;
			};
			name = Release;
		};
/* End XCBuildConfiguration section */

/* Begin XCConfigurationList section */
		A887760F2B0DEEFF005B746B /* Build configuration list for PBXProject "DartsScore" */ = {
			isa = XCConfigurationList;
			buildConfigurations = (
				A88776362B0DEF03005B746B /* Debug */,
				A88776372B0DEF03005B746B /* Release */,
			);
			defaultConfigurationIsVisible = 0;
			defaultConfigurationName = Release;
		};
		A88776382B0DEF03005B746B /* Build configuration list for PBXNativeTarget "DartsScore" */ = {
			isa = XCConfigurationList;
			buildConfigurations = (
				A88776392B0DEF03005B746B /* Debug */,
				A887763A2B0DEF03005B746B /* Release */,
			);
			defaultConfigurationIsVisible = 0;
			defaultConfigurationName = Release;
		};
		A887763B2B0DEF03005B746B /* Build configuration list for PBXNativeTarget "DartsScoreTests" */ = {
			isa = XCConfigurationList;
			buildConfigurations = (
				A887763C2B0DEF03005B746B /* Debug */,
				A887763D2B0DEF03005B746B /* Release */,
			);
			defaultConfigurationIsVisible = 0;
			defaultConfigurationName = Release;
		};
		A887763E2B0DEF03005B746B /* Build configuration list for PBXNativeTarget "DartsScoreUITests" */ = {
			isa = XCConfigurationList;
			buildConfigurations = (
				A887763F2B0DEF03005B746B /* Debug */,
				A88776402B0DEF03005B746B /* Release */,
			);
			defaultConfigurationIsVisible = 0;
			defaultConfigurationName = Release;
		};
/* End XCConfigurationList section */
	};
	rootObject = A887760C2B0DEEFF005B746B /* Project object */;
}
